
Microsoft Visual Studio Solution File, Format Version 12.00
# Visual Studio Version 17
VisualStudioVersion = 17.5.002.0
MinimumVisualStudioVersion = 10.0.40219.1
Project("{2150E333-8FDC-42A3-9474-1A3956D46DE8}") = "pong c#", "pong c#", "{82BA70FA-9A40-449C-A250-DFFEA1643BDF}"
EndProject
Project("{9A19103F-16F7-4668-BE54-9A1E7A4F7556}") = "app", "pong c#\app\app.csproj", "{2D36B519-4C94-43D4-BC26-036A5E0F8B7D}"
EndProject
Global
	GlobalSection(SolutionConfigurationPlatforms) = preSolution
		Debug|Any CPU = Debug|Any CPU
		Release|Any CPU = Release|Any CPU
	EndGlobalSection
	GlobalSection(ProjectConfigurationPlatforms) = postSolution
		{2D36B519-4C94-43D4-BC26-036A5E0F8B7D}.Debug|Any CPU.ActiveCfg = Debug|Any CPU
		{2D36B519-4C94-43D4-BC26-036A5E0F8B7D}.Debug|Any CPU.Build.0 = Debug|Any CPU
		{2D36B519-4C94-43D4-BC26-036A5E0F8B7D}.Release|Any CPU.ActiveCfg = Release|Any CPU
		{2D36B519-4C94-43D4-BC26-036A5E0F8B7D}.Release|Any CPU.Build.0 = Release|Any CPU
	EndGlobalSection
	GlobalSection(SolutionProperties) = preSolution
		HideSolutionNode = FALSE
	EndGlobalSection
	GlobalSection(NestedProjects) = preSolution
		{2D36B519-4C94-43D4-BC26-036A5E0F8B7D} = {82BA70FA-9A40-449C-A250-DFFEA1643BDF}
	EndGlobalSection
	GlobalSection(ExtensibilityGlobals) = postSolution
		SolutionGuid = {54486362-3EDE-4746-9D7D-D4B0E5B65BB3}
	EndGlobalSection
EndGlobal
